
Microsoft Visual Studio Solution File, Format Version 12.00
# Visual Studio Version 16
VisualStudioVersion = 16.0.28531.58
MinimumVisualStudioVersion = 10.0.40219.1
Project("{FAE04EC0-301F-11D3-BF4B-00C04F79EFBC}") = "HoneywellAmericanMeterBadges", "HoneywellAmericanMeterBadges\HoneywellAmericanMeterBadges.csproj", "{4C77D8FA-11B6-4A75-823F-16310E1F7239}"
EndProject
Global
	GlobalSection(SolutionConfigurationPlatforms) = preSolution
		Debug|Any CPU = Debug|Any CPU
		Release|Any CPU = Release|Any CPU
	EndGlobalSection
	GlobalSection(ProjectConfigurationPlatforms) = postSolution
		{4C77D8FA-11B6-4A75-823F-16310E1F7239}.Debug|Any CPU.ActiveCfg = Debug|Any CPU
		{4C77D8FA-11B6-4A75-823F-16310E1F7239}.Debug|Any CPU.Build.0 = Debug|Any CPU
		{4C77D8FA-11B6-4A75-823F-16310E1F7239}.Release|Any CPU.ActiveCfg = Release|Any CPU
		{4C77D8FA-11B6-4A75-823F-16310E1F7239}.Release|Any CPU.Build.0 = Release|Any CPU
	EndGlobalSection
	GlobalSection(SolutionProperties) = preSolution
		HideSolutionNode = FALSE
	EndGlobalSection
	GlobalSection(ExtensibilityGlobals) = postSolution
		SolutionGuid = {5CA92E08-241F-4C95-B48C-7DEEE1AEC071}
	EndGlobalSection
EndGlobal
